
Microsoft Visual Studio Solution File, Format Version 12.00
# Visual Studio Version 17
VisualStudioVersion = 17.7.34202.233
MinimumVisualStudioVersion = 10.0.40219.1
Project("{FAE04EC0-301F-11D3-BF4B-00C04F79EFBC}") = "Resto.Front.Api.ReservationVisualPlugin", "Resto.Front.Api.ReservationVisualPlugin\Resto.Front.Api.ReservationVisualPlugin.csproj", "{706255BA-EB0A-49E5-BE20-F8C5648337F1}"
EndProject
Global
	GlobalSection(SolutionConfigurationPlatforms) = preSolution
		Debug|Any CPU = Debug|Any CPU
		Release|Any CPU = Release|Any CPU
	EndGlobalSection
	GlobalSection(ProjectConfigurationPlatforms) = postSolution
		{706255BA-EB0A-49E5-BE20-F8C5648337F1}.Debug|Any CPU.ActiveCfg = Debug|Any CPU
		{706255BA-EB0A-49E5-BE20-F8C5648337F1}.Debug|Any CPU.Build.0 = Debug|Any CPU
		{706255BA-EB0A-49E5-BE20-F8C5648337F1}.Release|Any CPU.ActiveCfg = Release|Any CPU
		{706255BA-EB0A-49E5-BE20-F8C5648337F1}.Release|Any CPU.Build.0 = Release|Any CPU
	EndGlobalSection
	GlobalSection(SolutionProperties) = preSolution
		HideSolutionNode = FALSE
	EndGlobalSection
	GlobalSection(ExtensibilityGlobals) = postSolution
		SolutionGuid = {8B5F1553-7DE4-498A-810D-2227DE0F01A6}
	EndGlobalSection
EndGlobal
